schema=arachos-sources-v1
rustd https://github.com/SisyphusAeolides/rustd.git 071888ef2bf723ff7f689fc325a71adf6d1b9dfd
rustd-resolved https://github.com/SisyphusAeolides/rustd-resolved.git eff62afb81abf6529cfa05c42b5952db6bd312e3
arach-kernel https://github.com/SisyphusAeolides/Arach-Kernel.git 2a29aaa20683c588bb21aa55d39e445b82104fcf
iwchaos https://github.com/SisyphusAeolides/iwchaos.git 1a7e1fe6afead1be72e21688b062563f1e4cfa28
iwchaos-linux https://github.com/gregkh/linux.git 8d3ae59288f1e7d58d76558a6ee96d533bc5019f
tuned-rs https://github.com/SisyphusAeolides/tuned-rs.git d07da1570684e016415d56ac4e00bc72a68f4cd0
libinput-rs https://github.com/SisyphusAeolides/libinput-rs.git 03fa4fed83d1493b6dc72a7f2ea2a48d002b5268
blerust https://github.com/SisyphusAeolides/blerust.git a536d8fe1e800d3134f61b03f0f6d14dc9a1e288
ccze-rs https://github.com/SisyphusAeolides/ccze-rs.git 78b9e4c1c3405432ba7a1284df7ee1f9008af124
hermes https://github.com/SisyphusAeolides/Hermes.git a6f305871b9ba4604e2fbe9768269d8d5f1c3c43
hermes-gpu-stack https://github.com/SisyphusAeolides/Hermes.git a6f305871b9ba4604e2fbe9768269d8d5f1c3c43
arachos-release local none
