schema=arachos-sources-v1
rustd https://github.com/SisyphusAeolides/rustd.git 2bb2322898fd3d3c85ade7ffbf98abdd588d1ed5
rustd-resolved https://github.com/SisyphusAeolides/rustd-resolved.git 47b1c52c9095eac1f229ff61ef269e87d2133620
arach-kernel https://github.com/SisyphusAeolides/Arach-Kernel.git b1e4308f358d414e90b658a77e3ee42fd2dd8427
iwchaos https://github.com/SisyphusAeolides/iwchaos.git 6617379c6754d4340cbb481127e6ed07017d5acc
tuned-rs https://github.com/SisyphusAeolides/tuned-rs.git a2e20ef5ecfbd5b443f5963687391666d63af152
libinput-rs https://github.com/SisyphusAeolides/libinput-rs.git 878838aad6e5df64968d77a3cb9bac331b0b38cf
blerust https://github.com/SisyphusAeolides/blerust.git ff984f54b349c50742960eb12f0f9656a522482f
ccze-rs https://github.com/SisyphusAeolides/ccze-rs.git 51cb08d20e33fb8cb45762db293a9405f9c62cbf
hermes https://github.com/SisyphusAeolides/Hermes.git df6dc7e69e07656ffffbc8092a8d94af4a5d5c4c
